// !$*UTF8*$!
{
	archiveVersion = 1;
	classes = {
	};
	objectVersion = 50;
	objects = {

/* Begin PBXBuildFile section */
		D102955B233465E600E2BCA3 /* PlaylogTests.m in Sources */ = {isa = PBXBuildFile; fileRef = D102955A233465E600E2BCA3 /* PlaylogTests.m */; };
		D10295622334662F00E2BCA3 /* NSArray+Randomize.m in Sources */ = {isa = PBXBuildFile; fileRef = D1219C812332BDF200DFBD0E /* NSArray+Randomize.m */; };
		D11DB71C2331C01100085A17 /* AppDelegate.m in Sources */ = {isa = PBXBuildFile; fileRef = D11DB71B2331C01100085A17 /* AppDelegate.m */; };
		D11DB71F2331C01100085A17 /* ViewController.m in Sources */ = {isa = PBXBuildFile; fileRef = D11DB71E2331C01100085A17 /* ViewController.m */; };
		D11DB7222331C01100085A17 /* Main.storyboard in Resources */ = {isa = PBXBuildFile; fileRef = D11DB7202331C01100085A17 /* Main.storyboard */; };
		D11DB7242331C01200085A17 /* Assets.xcassets in Resources */ = {isa = PBXBuildFile; fileRef = D11DB7232331C01200085A17 /* Assets.xcassets */; };
		D11DB7272331C01200085A17 /* LaunchScreen.storyboard in Resources */ = {isa = PBXBuildFile; fileRef = D11DB7252331C01200085A17 /* LaunchScreen.storyboard */; };
		D11DB72A2331C01200085A17 /* main.m in Sources */ = {isa = PBXBuildFile; fileRef = D11DB7292331C01200085A17 /* main.m */; };
		D11DB7322331C06200085A17 /* WheelView.m in Sources */ = {isa = PBXBuildFile; fileRef = D11DB7312331C06200085A17 /* WheelView.m */; };
		D11DB7352331C92500085A17 /* ButtonView.m in Sources */ = {isa = PBXBuildFile; fileRef = D11DB7342331C92500085A17 /* ButtonView.m */; };
		D11DB7392331F0D700085A17 /* UIColor+ButtonState.m in Sources */ = {isa = PBXBuildFile; fileRef = D11DB7382331F0D700085A17 /* UIColor+ButtonState.m */; };
		D11DB73C233247E300085A17 /* UIImage+Create.m in Sources */ = {isa = PBXBuildFile; fileRef = D11DB73B233247E300085A17 /* UIImage+Create.m */; };
		D1219C7F2332957100DFBD0E /* UIViewController+Alert.m in Sources */ = {isa = PBXBuildFile; fileRef = D1219C7E2332957100DFBD0E /* UIViewController+Alert.m */; };
		D1219C822332BDF200DFBD0E /* NSArray+Randomize.m in Sources */ = {isa = PBXBuildFile; fileRef = D1219C812332BDF200DFBD0E /* NSArray+Randomize.m */; };
/* End PBXBuildFile section */

/* Begin PBXContainerItemProxy section */
		D102955D233465E600E2BCA3 /* PBXContainerItemProxy */ = {
			isa = PBXContainerItemProxy;
			containerPortal = D11DB70F2331C01100085A17 /* Project object */;
			proxyType = 1;
			remoteGlobalIDString = D11DB7162331C01100085A17;
			remoteInfo = Playlog;
		};
/* End PBXContainerItemProxy section */

/* Begin PBXFileReference section */
		D1029558233465E600E2BCA3 /* PlaylogTests.xctest */ = {isa = PBXFileReference; explicitFileType = wrapper.cfbundle; includeInIndex = 0; path = PlaylogTests.xctest; sourceTree = BUILT_PRODUCTS_DIR; };
		D102955A233465E600E2BCA3 /* PlaylogTests.m */ = {isa = PBXFileReference; lastKnownFileType = sourcecode.c.objc; path = PlaylogTests.m; sourceTree = "<group>"; };
		D102955C233465E600E2BCA3 /* Info.plist */ = {isa = PBXFileReference; lastKnownFileType = text.plist.xml; path = Info.plist; sourceTree = "<group>"; };
		D11DB7172331C01100085A17 /* Playlog.app */ = {isa = PBXFileReference; explicitFileType = wrapper.application; includeInIndex = 0; path = Playlog.app; sourceTree = BUILT_PRODUCTS_DIR; };
		D11DB71A2331C01100085A17 /* AppDelegate.h */ = {isa = PBXFileReference; lastKnownFileType = sourcecode.c.h; path = AppDelegate.h; sourceTree = "<group>"; };
		D11DB71B2331C01100085A17 /* AppDelegate.m */ = {isa = PBXFileReference; lastKnownFileType = sourcecode.c.objc; path = AppDelegate.m; sourceTree = "<group>"; };
		D11DB71D2331C01100085A17 /* ViewController.h */ = {isa = PBXFileReference; lastKnownFileType = sourcecode.c.h; path = ViewController.h; sourceTree = "<group>"; };
		D11DB71E2331C01100085A17 /* ViewController.m */ = {isa = PBXFileReference; lastKnownFileType = sourcecode.c.objc; path = ViewController.m; sourceTree = "<group>"; };
		D11DB7212331C01100085A17 /* Base */ = {isa = PBXFileReference; lastKnownFileType = file.storyboard; name = Base; path = Base.lproj/Main.storyboard; sourceTree = "<group>"; };
		D11DB7232331C01200085A17 /* Assets.xcassets */ = {isa = PBXFileReference; lastKnownFileType = folder.assetcatalog; path = Assets.xcassets; sourceTree = "<group>"; };
		D11DB7262331C01200085A17 /* Base */ = {isa = PBXFileReference; lastKnownFileType = file.storyboard; name = Base; path = Base.lproj/LaunchScreen.storyboard; sourceTree = "<group>"; };
		D11DB7282331C01200085A17 /* Info.plist */ = {isa = PBXFileReference; lastKnownFileType = text.plist.xml; path = Info.plist; sourceTree = "<group>"; };
		D11DB7292331C01200085A17 /* main.m */ = {isa = PBXFileReference; lastKnownFileType = sourcecode.c.objc; path = main.m; sourceTree = "<group>"; };
		D11DB7302331C06200085A17 /* WheelView.h */ = {isa = PBXFileReference; lastKnownFileType = sourcecode.c.h; path = WheelView.h; sourceTree = "<group>"; };
		D11DB7312331C06200085A17 /* WheelView.m */ = {isa = PBXFileReference; lastKnownFileType = sourcecode.c.objc; path = WheelView.m; sourceTree = "<group>"; };
		D11DB7332331C92500085A17 /* ButtonView.h */ = {isa = PBXFileReference; lastKnownFileType = sourcecode.c.h; path = ButtonView.h; sourceTree = "<group>"; };
		D11DB7342331C92500085A17 /* ButtonView.m */ = {isa = PBXFileReference; lastKnownFileType = sourcecode.c.objc; path = ButtonView.m; sourceTree = "<group>"; };
		D11DB7372331F0D700085A17 /* UIColor+ButtonState.h */ = {isa = PBXFileReference; lastKnownFileType = sourcecode.c.h; path = "UIColor+ButtonState.h"; sourceTree = "<group>"; };
		D11DB7382331F0D700085A17 /* UIColor+ButtonState.m */ = {isa = PBXFileReference; lastKnownFileType = sourcecode.c.objc; path = "UIColor+ButtonState.m"; sourceTree = "<group>"; };
		D11DB73A233247E300085A17 /* UIImage+Create.h */ = {isa = PBXFileReference; lastKnownFileType = sourcecode.c.h; path = "UIImage+Create.h"; sourceTree = "<group>"; };
		D11DB73B233247E300085A17 /* UIImage+Create.m */ = {isa = PBXFileReference; lastKnownFileType = sourcecode.c.objc; path = "UIImage+Create.m"; sourceTree = "<group>"; };
		D1219C7D2332957100DFBD0E /* UIViewController+Alert.h */ = {isa = PBXFileReference; lastKnownFileType = sourcecode.c.h; path = "UIViewController+Alert.h"; sourceTree = "<group>"; };
		D1219C7E2332957100DFBD0E /* UIViewController+Alert.m */ = {isa = PBXFileReference; lastKnownFileType = sourcecode.c.objc; path = "UIViewController+Alert.m"; sourceTree = "<group>"; };
		D1219C802332BDF200DFBD0E /* NSArray+Randomize.h */ = {isa = PBXFileReference; lastKnownFileType = sourcecode.c.h; path = "NSArray+Randomize.h"; sourceTree = "<group>"; };
		D1219C812332BDF200DFBD0E /* NSArray+Randomize.m */ = {isa = PBXFileReference; lastKnownFileType = sourcecode.c.objc; path = "NSArray+Randomize.m"; sourceTree = "<group>"; };
/* End PBXFileReference section */

/* Begin PBXFrameworksBuildPhase section */
		D1029555233465E600E2BCA3 /* Frameworks */ = {
			isa = PBXFrameworksBuildPhase;
			buildActionMask = 2147483647;
			files = (
			);
			runOnlyForDeploymentPostprocessing = 0;
		};
		D11DB7142331C01100085A17 /* Frameworks */ = {
			isa = PBXFrameworksBuildPhase;
			buildActionMask = 2147483647;
			files = (
			);
			runOnlyForDeploymentPostprocessing = 0;
		};
/* End PBXFrameworksBuildPhase section */

/* Begin PBXGroup section */
		D1029559233465E600E2BCA3 /* PlaylogTests */ = {
			isa = PBXGroup;
			children = (
				D102955A233465E600E2BCA3 /* PlaylogTests.m */,
				D102955C233465E600E2BCA3 /* Info.plist */,
			);
			path = PlaylogTests;
			sourceTree = "<group>";
		};
		D11DB70E2331C01100085A17 = {
			isa = PBXGroup;
			children = (
				D11DB7192331C01100085A17 /* Playlog */,
				D1029559233465E600E2BCA3 /* PlaylogTests */,
				D11DB7182331C01100085A17 /* Products */,
			);
			sourceTree = "<group>";
		};
		D11DB7182331C01100085A17 /* Products */ = {
			isa = PBXGroup;
			children = (
				D11DB7172331C01100085A17 /* Playlog.app */,
				D1029558233465E600E2BCA3 /* PlaylogTests.xctest */,
			);
			name = Products;
			sourceTree = "<group>";
		};
		D11DB7192331C01100085A17 /* Playlog */ = {
			isa = PBXGroup;
			children = (
				D11DB7362331F0A100085A17 /* Utilities */,
				D11DB71A2331C01100085A17 /* AppDelegate.h */,
				D11DB71B2331C01100085A17 /* AppDelegate.m */,
				D11DB7332331C92500085A17 /* ButtonView.h */,
				D11DB7342331C92500085A17 /* ButtonView.m */,
				D11DB7302331C06200085A17 /* WheelView.h */,
				D11DB7312331C06200085A17 /* WheelView.m */,
				D11DB71D2331C01100085A17 /* ViewController.h */,
				D11DB71E2331C01100085A17 /* ViewController.m */,
				D11DB7202331C01100085A17 /* Main.storyboard */,
				D11DB7232331C01200085A17 /* Assets.xcassets */,
				D11DB7252331C01200085A17 /* LaunchScreen.storyboard */,
				D11DB7282331C01200085A17 /* Info.plist */,
				D11DB7292331C01200085A17 /* main.m */,
			);
			path = Playlog;
			sourceTree = "<group>";
		};
		D11DB7362331F0A100085A17 /* Utilities */ = {
			isa = PBXGroup;
			children = (
				D1219C7D2332957100DFBD0E /* UIViewController+Alert.h */,
				D1219C7E2332957100DFBD0E /* UIViewController+Alert.m */,
				D11DB7372331F0D700085A17 /* UIColor+ButtonState.h */,
				D11DB7382331F0D700085A17 /* UIColor+ButtonState.m */,
				D11DB73A233247E300085A17 /* UIImage+Create.h */,
				D11DB73B233247E300085A17 /* UIImage+Create.m */,
				D1219C802332BDF200DFBD0E /* NSArray+Randomize.h */,
				D1219C812332BDF200DFBD0E /* NSArray+Randomize.m */,
			);
			path = Utilities;
			sourceTree = "<group>";
		};
/* End PBXGroup section */

/* Begin PBXNativeTarget section */
		D1029557233465E600E2BCA3 /* PlaylogTests */ = {
			isa = PBXNativeTarget;
			buildConfigurationList = D1029561233465E600E2BCA3 /* Build configuration list for PBXNativeTarget "PlaylogTests" */;
			buildPhases = (
				D1029554233465E600E2BCA3 /* Sources */,
				D1029555233465E600E2BCA3 /* Frameworks */,
				D1029556233465E600E2BCA3 /* Resources */,
			);
			buildRules = (
			);
			dependencies = (
				D102955E233465E600E2BCA3 /* PBXTargetDependency */,
			);
			name = PlaylogTests;
			productName = PlaylogTests;
			productReference = D1029558233465E600E2BCA3 /* PlaylogTests.xctest */;
			productType = "com.apple.product-type.bundle.unit-test";
		};
		D11DB7162331C01100085A17 /* Playlog */ = {
			isa = PBXNativeTarget;
			buildConfigurationList = D11DB72D2331C01200085A17 /* Build configuration list for PBXNativeTarget "Playlog" */;
			buildPhases = (
				D11DB7132331C01100085A17 /* Sources */,
				D11DB7142331C01100085A17 /* Frameworks */,
				D11DB7152331C01100085A17 /* Resources */,
			);
			buildRules = (
			);
			dependencies = (
			);
			name = Playlog;
			productName = Playlog;
			productReference = D11DB7172331C01100085A17 /* Playlog.app */;
			productType = "com.apple.product-type.application";
		};
/* End PBXNativeTarget section */

/* Begin PBXProject section */
		D11DB70F2331C01100085A17 /* Project object */ = {
			isa = PBXProject;
			attributes = {
				LastUpgradeCheck = 1020;
				ORGANIZATIONNAME = "Konstantin Klyatskin";
				TargetAttributes = {
					D1029557233465E600E2BCA3 = {
						CreatedOnToolsVersion = 10.2.1;
						TestTargetID = D11DB7162331C01100085A17;
					};
					D11DB7162331C01100085A17 = {
						CreatedOnToolsVersion = 10.2.1;
					};
				};
			};
			buildConfigurationList = D11DB7122331C01100085A17 /* Build configuration list for PBXProject "Playlog" */;
			compatibilityVersion = "Xcode 9.3";
			developmentRegion = en;
			hasScannedForEncodings = 0;
			knownRegions = (
				en,
				Base,
			);
			mainGroup = D11DB70E2331C01100085A17;
			productRefGroup = D11DB7182331C01100085A17 /* Products */;
			projectDirPath = "";
			projectRoot = "";
			targets = (
				D11DB7162331C01100085A17 /* Playlog */,
				D1029557233465E600E2BCA3 /* PlaylogTests */,
			);
		};
/* End PBXProject section */

/* Begin PBXResourcesBuildPhase section */
		D1029556233465E600E2BCA3 /* Resources */ = {
			isa = PBXResourcesBuildPhase;
			buildActionMask = 2147483647;
			files = (
			);
			runOnlyForDeploymentPostprocessing = 0;
		};
		D11DB7152331C01100085A17 /* Resources */ = {
			isa = PBXResourcesBuildPhase;
			buildActionMask = 2147483647;
			files = (
				D11DB7272331C01200085A17 /* LaunchScreen.storyboard in Resources */,
				D11DB7242331C01200085A17 /* Assets.xcassets in Resources */,
				D11DB7222331C01100085A17 /* Main.storyboard in Resources */,
			);
			runOnlyForDeploymentPostprocessing = 0;
		};
/* End PBXResourcesBuildPhase section */

/* Begin PBXSourcesBuildPhase section */
		D1029554233465E600E2BCA3 /* Sources */ = {
			isa = PBXSourcesBuildPhase;
			buildActionMask = 2147483647;
			files = (
				D10295622334662F00E2BCA3 /* NSArray+Randomize.m in Sources */,
				D102955B233465E600E2BCA3 /* PlaylogTests.m in Sources */,
			);
			runOnlyForDeploymentPostprocessing = 0;
		};
		D11DB7132331C01100085A17 /* Sources */ = {
			isa = PBXSourcesBuildPhase;
			buildActionMask = 2147483647;
			files = (
				D11DB71F2331C01100085A17 /* ViewController.m in Sources */,
				D11DB7352331C92500085A17 /* ButtonView.m in Sources */,
				D1219C7F2332957100DFBD0E /* UIViewController+Alert.m in Sources */,
				D11DB73C233247E300085A17 /* UIImage+Create.m in Sources */,
				D11DB72A2331C01200085A17 /* main.m in Sources */,
				D11DB7392331F0D700085A17 /* UIColor+ButtonState.m in Sources */,
				D1219C822332BDF200DFBD0E /* NSArray+Randomize.m in Sources */,
				D11DB7322331C06200085A17 /* WheelView.m in Sources */,
				D11DB71C2331C01100085A17 /* AppDelegate.m in Sources */,
			);
			runOnlyForDeploymentPostprocessing = 0;
		};
/* End PBXSourcesBuildPhase section */

/* Begin PBXTargetDependency section */
		D102955E233465E600E2BCA3 /* PBXTargetDependency */ = {
			isa = PBXTargetDependency;
			target = D11DB7162331C01100085A17 /* Playlog */;
			targetProxy = D102955D233465E600E2BCA3 /* PBXContainerItemProxy */;
		};
/* End PBXTargetDependency section */

/* Begin PBXVariantGroup section */
		D11DB7202331C01100085A17 /* Main.storyboard */ = {
			isa = PBXVariantGroup;
			children = (
				D11DB7212331C01100085A17 /* Base */,
			);
			name = Main.storyboard;
			sourceTree = "<group>";
		};
		D11DB7252331C01200085A17 /* LaunchScreen.storyboard */ = {
			isa = PBXVariantGroup;
			children = (
				D11DB7262331C01200085A17 /* Base */,
			);
			name = LaunchScreen.storyboard;
			sourceTree = "<group>";
		};
/* End PBXVariantGroup section */

/* Begin XCBuildConfiguration section */
		D102955F233465E600E2BCA3 /* Debug */ = {
			isa = XCBuildConfiguration;
			buildSettings = {
				BUNDLE_LOADER = "$(TEST_HOST)";
				CODE_SIGN_STYLE = Automatic;
				DEVELOPMENT_TEAM = Y9ZFK399Y3;
				INFOPLIST_FILE = PlaylogTests/Info.plist;
				LD_RUNPATH_SEARCH_PATHS = (
					"$(inherited)",
					"@executable_path/Frameworks",
					"@loader_path/Frameworks",
				);
				PRODUCT_BUNDLE_IDENTIFIER = com.planetdrives.PlaylogTests;
				PRODUCT_NAME = "$(TARGET_NAME)";
				TARGETED_DEVICE_FAMILY = "1,2";
				TEST_HOST = "$(BUILT_PRODUCTS_DIR)/Playlog.app/Playlog";
			};
			name = Debug;
		};
		D1029560233465E600E2BCA3 /* Release */ = {
			isa = XCBuildConfiguration;
			buildSettings = {
				BUNDLE_LOADER = "$(TEST_HOST)";
				CODE_SIGN_STYLE = Automatic;
				DEVELOPMENT_TEAM = Y9ZFK399Y3;
				INFOPLIST_FILE = PlaylogTests/Info.plist;
				LD_RUNPATH_SEARCH_PATHS = (
					"$(inherited)",
					"@executable_path/Frameworks",
					"@loader_path/Frameworks",
				);
				PRODUCT_BUNDLE_IDENTIFIER = com.planetdrives.PlaylogTests;
				PRODUCT_NAME = "$(TARGET_NAME)";
				TARGETED_DEVICE_FAMILY = "1,2";
				TEST_HOST = "$(BUILT_PRODUCTS_DIR)/Playlog.app/Playlog";
			};
			name = Release;
		};
		D11DB72B2331C01200085A17 /* Debug */ = {
			isa = XCBuildConfiguration;
			buildSettings = {
				ALWAYS_SEARCH_USER_PATHS = NO;
				CLANG_ANALYZER_NONNULL = YES;
				CLANG_ANALYZER_NUMBER_OBJECT_CONVERSION = YES_AGGRESSIVE;
				CLANG_CXX_LANGUAGE_STANDARD = "gnu++14";
				CLANG_CXX_LIBRARY = "libc++";
				CLANG_ENABLE_MODULES = YES;
				CLANG_ENABLE_OBJC_ARC = YES;
				CLANG_ENABLE_OBJC_WEAK = YES;
				CLANG_WARN_BLOCK_CAPTURE_AUTORELEASING = YES;
				CLANG_WARN_BOOL_CONVERSION = YES;
				CLANG_WARN_COMMA = YES;
				CLANG_WARN_CONSTANT_CONVERSION = YES;
				CLANG_WARN_DEPRECATED_OBJC_IMPLEMENTATIONS = YES;
				CLANG_WARN_DIRECT_OBJC_ISA_USAGE = YES_ERROR;
				CLANG_WARN_DOCUMENTATION_COMMENTS = YES;
				CLANG_WARN_EMPTY_BODY = YES;
				CLANG_WARN_ENUM_CONVERSION = YES;
				CLANG_WARN_INFINITE_RECURSION = YES;
				CLANG_WARN_INT_CONVERSION = YES;
				CLANG_WARN_NON_LITERAL_NULL_CONVERSION = YES;
				CLANG_WARN_OBJC_IMPLICIT_RETAIN_SELF = YES;
				CLANG_WARN_OBJC_LITERAL_CONVERSION = YES;
				CLANG_WARN_OBJC_ROOT_CLASS = YES_ERROR;
				CLANG_WARN_RANGE_LOOP_ANALYSIS = YES;
				CLANG_WARN_STRICT_PROTOTYPES = YES;
				CLANG_WARN_SUSPICIOUS_MOVE = YES;
				CLANG_WARN_UNGUARDED_AVAILABILITY = YES_AGGRESSIVE;
				CLANG_WARN_UNREACHABLE_CODE = YES;
				CLANG_WARN__DUPLICATE_METHOD_MATCH = YES;
				CODE_SIGN_IDENTITY = "iPhone Developer";
				COPY_PHASE_STRIP = NO;
				DEBUG_INFORMATION_FORMAT = dwarf;
				ENABLE_STRICT_OBJC_MSGSEND = YES;
				ENABLE_TESTABILITY = YES;
				GCC_C_LANGUAGE_STANDARD = gnu11;
				GCC_DYNAMIC_NO_PIC = NO;
				GCC_NO_COMMON_BLOCKS = YES;
				GCC_OPTIMIZATION_LEVEL = 0;
				GCC_PREPROCESSOR_DEFINITIONS = (
					"DEBUG=1",
					"$(inherited)",
				);
				GCC_WARN_64_TO_32_BIT_CONVERSION = YES;
				GCC_WARN_ABOUT_RETURN_TYPE = YES_ERROR;
				GCC_WARN_UNDECLARED_SELECTOR = YES;
				GCC_WARN_UNINITIALIZED_AUTOS = YES_AGGRESSIVE;
				GCC_WARN_UNUSED_FUNCTION = YES;
				GCC_WARN_UNUSED_VARIABLE = YES;
				IPHONEOS_DEPLOYMENT_TARGET = 12.2;
				MTL_ENABLE_DEBUG_INFO = INCLUDE_SOURCE;
				MTL_FAST_MATH = YES;
				ONLY_ACTIVE_ARCH = YES;
				SDKROOT = iphoneos;
			};
			name = Debug;
		};
		D11DB72C2331C01200085A17 /* Release */ = {
			isa = XCBuildConfiguration;
			buildSettings = {
				ALWAYS_SEARCH_USER_PATHS = NO;
				CLANG_ANALYZER_NONNULL = YES;
				CLANG_ANALYZER_NUMBER_OBJECT_CONVERSION = YES_AGGRESSIVE;
				CLANG_CXX_LANGUAGE_STANDARD = "gnu++14";
				CLANG_CXX_LIBRARY = "libc++";
				CLANG_ENABLE_MODULES = YES;
				CLANG_ENABLE_OBJC_ARC = YES;
				CLANG_ENABLE_OBJC_WEAK = YES;
				CLANG_WARN_BLOCK_CAPTURE_AUTORELEASING = YES;
				CLANG_WARN_BOOL_CONVERSION = YES;
				CLANG_WARN_COMMA = YES;
				CLANG_WARN_CONSTANT_CONVERSION = YES;
				CLANG_WARN_DEPRECATED_OBJC_IMPLEMENTATIONS = YES;
				CLANG_WARN_DIRECT_OBJC_ISA_USAGE = YES_ERROR;
				CLANG_WARN_DOCUMENTATION_COMMENTS = YES;
				CLANG_WARN_EMPTY_BODY = YES;
				CLANG_WARN_ENUM_CONVERSION = YES;
				CLANG_WARN_INFINITE_RECURSION = YES;
				CLANG_WARN_INT_CONVERSION = YES;
				CLANG_WARN_NON_LITERAL_NULL_CONVERSION = YES;
				CLANG_WARN_OBJC_IMPLICIT_RETAIN_SELF = YES;
				CLANG_WARN_OBJC_LITERAL_CONVERSION = YES;
				CLANG_WARN_OBJC_ROOT_CLASS = YES_ERROR;
				CLANG_WARN_RANGE_LOOP_ANALYSIS = YES;
				CLANG_WARN_STRICT_PROTOTYPES = YES;
				CLANG_WARN_SUSPICIOUS_MOVE = YES;
				CLANG_WARN_UNGUARDED_AVAILABILITY = YES_AGGRESSIVE;
				CLANG_WARN_UNREACHABLE_CODE = YES;
				CLANG_WARN__DUPLICATE_METHOD_MATCH = YES;
				CODE_SIGN_IDENTITY = "iPhone Developer";
				COPY_PHASE_STRIP = NO;
				DEBUG_INFORMATION_FORMAT = "dwarf-with-dsym";
				ENABLE_NS_ASSERTIONS = NO;
				ENABLE_STRICT_OBJC_MSGSEND = YES;
				GCC_C_LANGUAGE_STANDARD = gnu11;
				GCC_NO_COMMON_BLOCKS = YES;
				GCC_WARN_64_TO_32_BIT_CONVERSION = YES;
				GCC_WARN_ABOUT_RETURN_TYPE = YES_ERROR;
				GCC_WARN_UNDECLARED_SELECTOR = YES;
				GCC_WARN_UNINITIALIZED_AUTOS = YES_AGGRESSIVE;
				GCC_WARN_UNUSED_FUNCTION = YES;
				GCC_WARN_UNUSED_VARIABLE = YES;
				IPHONEOS_DEPLOYMENT_TARGET = 12.2;
				MTL_ENABLE_DEBUG_INFO = NO;
				MTL_FAST_MATH = YES;
				SDKROOT = iphoneos;
				VALIDATE_PRODUCT = YES;
			};
			name = Release;
		};
		D11DB72E2331C01200085A17 /* Debug */ = {
			isa = XCBuildConfiguration;
			buildSettings = {
				ASSETCATALOG_COMPILER_APPICON_NAME = AppIcon;
				CODE_SIGN_STYLE = Automatic;
				DEVELOPMENT_TEAM = Y9ZFK399Y3;
				INFOPLIST_FILE = Playlog/Info.plist;
				LD_RUNPATH_SEARCH_PATHS = (
					"$(inherited)",
					"@executable_path/Frameworks",
				);
				PRODUCT_BUNDLE_IDENTIFIER = com.planetdrives.Playlog;
				PRODUCT_NAME = "$(TARGET_NAME)";
				TARGETED_DEVICE_FAMILY = "1,2";
			};
			name = Debug;
		};
		D11DB72F2331C01200085A17 /* Release */ = {
			isa = XCBuildConfiguration;
			buildSettings = {
				ASSETCATALOG_COMPILER_APPICON_NAME = AppIcon;
				CODE_SIGN_STYLE = Automatic;
				DEVELOPMENT_TEAM = Y9ZFK399Y3;
				INFOPLIST_FILE = Playlog/Info.plist;
				LD_RUNPATH_SEARCH_PATHS = (
					"$(inherited)",
					"@executable_path/Frameworks",
				);
				PRODUCT_BUNDLE_IDENTIFIER = com.planetdrives.Playlog;
				PRODUCT_NAME = "$(TARGET_NAME)";
				TARGETED_DEVICE_FAMILY = "1,2";
			};
			name = Release;
		};
/* End XCBuildConfiguration section */

/* Begin XCConfigurationList section */
		D1029561233465E600E2BCA3 /* Build configuration list for PBXNativeTarget "PlaylogTests" */ = {
			isa = XCConfigurationList;
			buildConfigurations = (
				D102955F233465E600E2BCA3 /* Debug */,
				D1029560233465E600E2BCA3 /* Release */,
			);
			defaultConfigurationIsVisible = 0;
			defaultConfigurationName = Release;
		};
		D11DB7122331C01100085A17 /* Build configuration list for PBXProject "Playlog" */ = {
			isa = XCConfigurationList;
			buildConfigurations = (
				D11DB72B2331C01200085A17 /* Debug */,
				D11DB72C2331C01200085A17 /* Release */,
			);
			defaultConfigurationIsVisible = 0;
			defaultConfigurationName = Release;
		};
		D11DB72D2331C01200085A17 /* Build configuration list for PBXNativeTarget "Playlog" */ = {
			isa = XCConfigurationList;
			buildConfigurations = (
				D11DB72E2331C01200085A17 /* Debug */,
				D11DB72F2331C01200085A17 /* Release */,
			);
			defaultConfigurationIsVisible = 0;
			defaultConfigurationName = Release;
		};
/* End XCConfigurationList section */
	};
	rootObject = D11DB70F2331C01100085A17 /* Project object */;
}
